
Microsoft Visual Studio Solution File, Format Version 12.00
# Visual Studio 15
VisualStudioVersion = 15.0.27004.2006
MinimumVisualStudioVersion = 10.0.40219.1
Project("{FAE04EC0-301F-11D3-BF4B-00C04F79EFBC}") = "GeneratorFibonacciNumbers", "GeneratorFibonacciNumbers\GeneratorFibonacciNumbers.csproj", "{C062C31A-6221-4566-BBE7-B19149B48F3C}"
EndProject
Global
	GlobalSection(SolutionConfigurationPlatforms) = preSolution
		Debug|Any CPU = Debug|Any CPU
		Release|Any CPU = Release|Any CPU
	EndGlobalSection
	GlobalSection(ProjectConfigurationPlatforms) = postSolution
		{C062C31A-6221-4566-BBE7-B19149B48F3C}.Debug|Any CPU.ActiveCfg = Debug|Any CPU
		{C062C31A-6221-4566-BBE7-B19149B48F3C}.Debug|Any CPU.Build.0 = Debug|Any CPU
		{C062C31A-6221-4566-BBE7-B19149B48F3C}.Release|Any CPU.ActiveCfg = Release|Any CPU
		{C062C31A-6221-4566-BBE7-B19149B48F3C}.Release|Any CPU.Build.0 = Release|Any CPU
	EndGlobalSection
	GlobalSection(SolutionProperties) = preSolution
		HideSolutionNode = FALSE
	EndGlobalSection
	GlobalSection(ExtensibilityGlobals) = postSolution
		SolutionGuid = {B13F2FA3-5698-4387-8120-841828F5A1E7}
	EndGlobalSection
EndGlobal
